
Microsoft Visual Studio Solution File, Format Version 12.00
# Visual Studio 2013
VisualStudioVersion = 12.0.31101.0
MinimumVisualStudioVersion = 10.0.40219.1
Project("{FAE04EC0-301F-11D3-BF4B-00C04F79EFBC}") = "project2.ODataBackend", "ODataBackend/project2.ODataBackend.csproj", "{99B15065-0BB0-494F-8C4A-DDD81B1DF940}"
EndProject
Project("{FAE04EC0-301F-11D3-BF4B-00C04F79EFBC}") = "project2.Objects", "Objects/project2.Objects.csproj", "{E849A479-12AC-45E3-978E-23C4C686C7F7}"
EndProject
Global
	GlobalSection(SolutionConfigurationPlatforms) = preSolution
Debug|Any CPU = Debug|Any CPU
Release|Any CPU = Release|Any CPU
	EndGlobalSection
	GlobalSection(ProjectConfigurationPlatforms) = postSolution
		{99B15065-0BB0-494F-8C4A-DDD81B1DF940}.Debug|Any CPU.ActiveCfg = Debug|Any CPU
		{99B15065-0BB0-494F-8C4A-DDD81B1DF940}.Debug|Any CPU.Build.0 = Debug|Any CPU
		{99B15065-0BB0-494F-8C4A-DDD81B1DF940}.Release|Any CPU.ActiveCfg = Release|Any CPU
		{99B15065-0BB0-494F-8C4A-DDD81B1DF940}.Release|Any CPU.Build.0 = Release|Any CPU
		{E849A479-12AC-45E3-978E-23C4C686C7F7}.Debug|Any CPU.ActiveCfg = Debug|Any CPU
		{E849A479-12AC-45E3-978E-23C4C686C7F7}.Debug|Any CPU.Build.0 = Debug|Any CPU
		{E849A479-12AC-45E3-978E-23C4C686C7F7}.Release|Any CPU.ActiveCfg = Release|Any CPU
		{E849A479-12AC-45E3-978E-23C4C686C7F7}.Release|Any CPU.Build.0 = Release|Any CPU
	EndGlobalSection
	GlobalSection(SolutionProperties) = preSolution
		HideSolutionNode = FALSE
	EndGlobalSection
EndGlobal
